
Microsoft Visual Studio Solution File, Format Version 12.00
# Visual Studio 2013
VisualStudioVersion = 12.0.21005.1
MinimumVisualStudioVersion = 10.0.40219.1
Project("{2150E333-8FDC-42A3-9474-1A3956D46DE8}") = "App", "App", "{4FC20603-95E9-4526-97BE-0DA87CCC78EC}"
EndProject
Project("{FAE04EC0-301F-11D3-BF4B-00C04F79EFBC}") = "BackBag.App", "App\BackBag.App\BackBag.App.csproj", "{F88332D4-A13A-4A7E-B638-35CBEF244793}"
EndProject
Project("{2150E333-8FDC-42A3-9474-1A3956D46DE8}") = "Server", "Server", "{F3C607EF-4686-4EFB-B79F-FCA9EBCD526E}"
EndProject
Project("{2150E333-8FDC-42A3-9474-1A3956D46DE8}") = "Business", "Business", "{D39C9E03-D8E8-4D03-BE3D-9E73B658D60F}"
EndProject
Project("{FAE04EC0-301F-11D3-BF4B-00C04F79EFBC}") = "BackBag.Business", "Business\BackBag.Business\BackBag.Business.csproj", "{759FF727-9CD7-4771-8456-8E059DA003C4}"
EndProject
Project("{2150E333-8FDC-42A3-9474-1A3956D46DE8}") = "Common", "Common", "{430A5482-5883-48FE-82B7-89EBD5293EDC}"
EndProject
Project("{FAE04EC0-301F-11D3-BF4B-00C04F79EFBC}") = "BackBag.Common", "Common\BackBag.Common\BackBag.Common.csproj", "{CB7DB123-F238-4EDE-BD18-86836F9AA89C}"
EndProject
Global
	GlobalSection(SolutionConfigurationPlatforms) = preSolution
		Debug|Any CPU = Debug|Any CPU
		Release|Any CPU = Release|Any CPU
	EndGlobalSection
	GlobalSection(ProjectConfigurationPlatforms) = postSolution
		{F88332D4-A13A-4A7E-B638-35CBEF244793}.Debug|Any CPU.ActiveCfg = Debug|Any CPU
		{F88332D4-A13A-4A7E-B638-35CBEF244793}.Debug|Any CPU.Build.0 = Debug|Any CPU
		{F88332D4-A13A-4A7E-B638-35CBEF244793}.Release|Any CPU.ActiveCfg = Release|Any CPU
		{F88332D4-A13A-4A7E-B638-35CBEF244793}.Release|Any CPU.Build.0 = Release|Any CPU
		{759FF727-9CD7-4771-8456-8E059DA003C4}.Debug|Any CPU.ActiveCfg = Debug|Any CPU
		{759FF727-9CD7-4771-8456-8E059DA003C4}.Debug|Any CPU.Build.0 = Debug|Any CPU
		{759FF727-9CD7-4771-8456-8E059DA003C4}.Release|Any CPU.ActiveCfg = Release|Any CPU
		{759FF727-9CD7-4771-8456-8E059DA003C4}.Release|Any CPU.Build.0 = Release|Any CPU
		{CB7DB123-F238-4EDE-BD18-86836F9AA89C}.Debug|Any CPU.ActiveCfg = Debug|Any CPU
		{CB7DB123-F238-4EDE-BD18-86836F9AA89C}.Debug|Any CPU.Build.0 = Debug|Any CPU
		{CB7DB123-F238-4EDE-BD18-86836F9AA89C}.Release|Any CPU.ActiveCfg = Release|Any CPU
		{CB7DB123-F238-4EDE-BD18-86836F9AA89C}.Release|Any CPU.Build.0 = Release|Any CPU
	EndGlobalSection
	GlobalSection(SolutionProperties) = preSolution
		HideSolutionNode = FALSE
	EndGlobalSection
	GlobalSection(NestedProjects) = preSolution
		{F88332D4-A13A-4A7E-B638-35CBEF244793} = {4FC20603-95E9-4526-97BE-0DA87CCC78EC}
		{759FF727-9CD7-4771-8456-8E059DA003C4} = {D39C9E03-D8E8-4D03-BE3D-9E73B658D60F}
		{CB7DB123-F238-4EDE-BD18-86836F9AA89C} = {430A5482-5883-48FE-82B7-89EBD5293EDC}
	EndGlobalSection
EndGlobal
